
Microsoft Visual Studio Solution File, Format Version 12.00
# Visual Studio Version 16
VisualStudioVersion = 16.0.31424.327
MinimumVisualStudioVersion = 10.0.40219.1
Project("{FAE04EC0-301F-11D3-BF4B-00C04F79EFBC}") = "csv2DB", "csv2DB\csv2DB.csproj", "{B68D989F-B883-474E-94C6-84F6E8B8BC1C}"
EndProject
Global
	GlobalSection(SolutionConfigurationPlatforms) = preSolution
		Debug|Any CPU = Debug|Any CPU
		Release|Any CPU = Release|Any CPU
	EndGlobalSection
	GlobalSection(ProjectConfigurationPlatforms) = postSolution
		{B68D989F-B883-474E-94C6-84F6E8B8BC1C}.Debug|Any CPU.ActiveCfg = Debug|Any CPU
		{B68D989F-B883-474E-94C6-84F6E8B8BC1C}.Debug|Any CPU.Build.0 = Debug|Any CPU
		{B68D989F-B883-474E-94C6-84F6E8B8BC1C}.Release|Any CPU.ActiveCfg = Release|Any CPU
		{B68D989F-B883-474E-94C6-84F6E8B8BC1C}.Release|Any CPU.Build.0 = Release|Any CPU
	EndGlobalSection
	GlobalSection(SolutionProperties) = preSolution
		HideSolutionNode = FALSE
	EndGlobalSection
	GlobalSection(ExtensibilityGlobals) = postSolution
		SolutionGuid = {7F92B2BA-E36E-4050-9464-8D4A0D475BF0}
	EndGlobalSection
EndGlobal
